
Microsoft Visual Studio Solution File, Format Version 12.00
# Visual Studio Version 16
VisualStudioVersion = 16.0.34301.259
MinimumVisualStudioVersion = 10.0.40219.1
Project("{FAE04EC0-301F-11D3-BF4B-00C04F79EFBC}") = "PTLISTEmobile.Android", "PTLISTEmobile\PTLISTEmobile.Android\PTLISTEmobile.Android.csproj", "{ECD54936-13A0-46D0-922A-A75BD7E6A686}"
EndProject
Project("{FAE04EC0-301F-11D3-BF4B-00C04F79EFBC}") = "PTLISTEmobile.iOS", "PTLISTEmobile\PTLISTEmobile.iOS\PTLISTEmobile.iOS.csproj", "{DBFF0691-388F-4B09-A4CE-BE0B66DC8E36}"
EndProject
Project("{FAE04EC0-301F-11D3-BF4B-00C04F79EFBC}") = "PTLISTEmobile", "PTLISTEmobile\PTLISTEmobile\PTLISTEmobile.csproj", "{640523C9-AF69-47C5-BDE5-0BC331675C73}"
EndProject
Global
	GlobalSection(SolutionConfigurationPlatforms) = preSolution
		Debug|Any CPU = Debug|Any CPU
		Debug|iPhone = Debug|iPhone
		Debug|iPhoneSimulator = Debug|iPhoneSimulator
		Release|Any CPU = Release|Any CPU
		Release|iPhone = Release|iPhone
		Release|iPhoneSimulator = Release|iPhoneSimulator
	EndGlobalSection
	GlobalSection(ProjectConfigurationPlatforms) = postSolution
		{ECD54936-13A0-46D0-922A-A75BD7E6A686}.Debug|Any CPU.ActiveCfg = Debug|Any CPU
		{ECD54936-13A0-46D0-922A-A75BD7E6A686}.Debug|Any CPU.Build.0 = Debug|Any CPU
		{ECD54936-13A0-46D0-922A-A75BD7E6A686}.Debug|Any CPU.Deploy.0 = Debug|Any CPU
		{ECD54936-13A0-46D0-922A-A75BD7E6A686}.Debug|iPhone.ActiveCfg = Debug|Any CPU
		{ECD54936-13A0-46D0-922A-A75BD7E6A686}.Debug|iPhone.Build.0 = Debug|Any CPU
		{ECD54936-13A0-46D0-922A-A75BD7E6A686}.Debug|iPhone.Deploy.0 = Debug|Any CPU
		{ECD54936-13A0-46D0-922A-A75BD7E6A686}.Debug|iPhoneSimulator.ActiveCfg = Debug|Any CPU
		{ECD54936-13A0-46D0-922A-A75BD7E6A686}.Debug|iPhoneSimulator.Build.0 = Debug|Any CPU
		{ECD54936-13A0-46D0-922A-A75BD7E6A686}.Debug|iPhoneSimulator.Deploy.0 = Debug|Any CPU
		{ECD54936-13A0-46D0-922A-A75BD7E6A686}.Release|Any CPU.ActiveCfg = Release|Any CPU
		{ECD54936-13A0-46D0-922A-A75BD7E6A686}.Release|Any CPU.Build.0 = Release|Any CPU
		{ECD54936-13A0-46D0-922A-A75BD7E6A686}.Release|Any CPU.Deploy.0 = Release|Any CPU
		{ECD54936-13A0-46D0-922A-A75BD7E6A686}.Release|iPhone.ActiveCfg = Release|Any CPU
		{ECD54936-13A0-46D0-922A-A75BD7E6A686}.Release|iPhone.Build.0 = Release|Any CPU
		{ECD54936-13A0-46D0-922A-A75BD7E6A686}.Release|iPhone.Deploy.0 = Release|Any CPU
		{ECD54936-13A0-46D0-922A-A75BD7E6A686}.Release|iPhoneSimulator.ActiveCfg = Release|Any CPU
		{ECD54936-13A0-46D0-922A-A75BD7E6A686}.Release|iPhoneSimulator.Build.0 = Release|Any CPU
		{ECD54936-13A0-46D0-922A-A75BD7E6A686}.Release|iPhoneSimulator.Deploy.0 = Release|Any CPU
		{DBFF0691-388F-4B09-A4CE-BE0B66DC8E36}.Debug|Any CPU.ActiveCfg = Debug|iPhone
		{DBFF0691-388F-4B09-A4CE-BE0B66DC8E36}.Debug|Any CPU.Build.0 = Debug|iPhone
		{DBFF0691-388F-4B09-A4CE-BE0B66DC8E36}.Debug|Any CPU.Deploy.0 = Debug|iPhone
		{DBFF0691-388F-4B09-A4CE-BE0B66DC8E36}.Debug|iPhone.ActiveCfg = Debug|iPhone
		{DBFF0691-388F-4B09-A4CE-BE0B66DC8E36}.Debug|iPhone.Build.0 = Debug|iPhone
		{DBFF0691-388F-4B09-A4CE-BE0B66DC8E36}.Debug|iPhone.Deploy.0 = Debug|iPhone
		{DBFF0691-388F-4B09-A4CE-BE0B66DC8E36}.Debug|iPhoneSimulator.ActiveCfg = Debug|iPhoneSimulator
		{DBFF0691-388F-4B09-A4CE-BE0B66DC8E36}.Debug|iPhoneSimulator.Build.0 = Debug|iPhoneSimulator
		{DBFF0691-388F-4B09-A4CE-BE0B66DC8E36}.Debug|iPhoneSimulator.Deploy.0 = Debug|iPhoneSimulator
		{DBFF0691-388F-4B09-A4CE-BE0B66DC8E36}.Release|Any CPU.ActiveCfg = Release|iPhoneSimulator
		{DBFF0691-388F-4B09-A4CE-BE0B66DC8E36}.Release|Any CPU.Build.0 = Release|iPhoneSimulator
		{DBFF0691-388F-4B09-A4CE-BE0B66DC8E36}.Release|Any CPU.Deploy.0 = Release|iPhoneSimulator
		{DBFF0691-388F-4B09-A4CE-BE0B66DC8E36}.Release|iPhone.ActiveCfg = Release|iPhone
		{DBFF0691-388F-4B09-A4CE-BE0B66DC8E36}.Release|iPhone.Build.0 = Release|iPhone
		{DBFF0691-388F-4B09-A4CE-BE0B66DC8E36}.Release|iPhone.Deploy.0 = Release|iPhone
		{DBFF0691-388F-4B09-A4CE-BE0B66DC8E36}.Release|iPhoneSimulator.ActiveCfg = Release|iPhoneSimulator
		{DBFF0691-388F-4B09-A4CE-BE0B66DC8E36}.Release|iPhoneSimulator.Build.0 = Release|iPhoneSimulator
		{DBFF0691-388F-4B09-A4CE-BE0B66DC8E36}.Release|iPhoneSimulator.Deploy.0 = Release|iPhoneSimulator
		{640523C9-AF69-47C5-BDE5-0BC331675C73}.Debug|Any CPU.ActiveCfg = Debug|Any CPU
		{640523C9-AF69-47C5-BDE5-0BC331675C73}.Debug|Any CPU.Build.0 = Debug|Any CPU
		{640523C9-AF69-47C5-BDE5-0BC331675C73}.Debug|Any CPU.Deploy.0 = Debug|Any CPU
		{640523C9-AF69-47C5-BDE5-0BC331675C73}.Debug|iPhone.ActiveCfg = Debug|Any CPU
		{640523C9-AF69-47C5-BDE5-0BC331675C73}.Debug|iPhone.Build.0 = Debug|Any CPU
		{640523C9-AF69-47C5-BDE5-0BC331675C73}.Debug|iPhone.Deploy.0 = Debug|Any CPU
		{640523C9-AF69-47C5-BDE5-0BC331675C73}.Debug|iPhoneSimulator.ActiveCfg = Debug|Any CPU
		{640523C9-AF69-47C5-BDE5-0BC331675C73}.Debug|iPhoneSimulator.Build.0 = Debug|Any CPU
		{640523C9-AF69-47C5-BDE5-0BC331675C73}.Debug|iPhoneSimulator.Deploy.0 = Debug|Any CPU
		{640523C9-AF69-47C5-BDE5-0BC331675C73}.Release|Any CPU.ActiveCfg = Release|Any CPU
		{640523C9-AF69-47C5-BDE5-0BC331675C73}.Release|Any CPU.Build.0 = Release|Any CPU
		{640523C9-AF69-47C5-BDE5-0BC331675C73}.Release|Any CPU.Deploy.0 = Release|Any CPU
		{640523C9-AF69-47C5-BDE5-0BC331675C73}.Release|iPhone.ActiveCfg = Release|Any CPU
		{640523C9-AF69-47C5-BDE5-0BC331675C73}.Release|iPhone.Build.0 = Release|Any CPU
		{640523C9-AF69-47C5-BDE5-0BC331675C73}.Release|iPhone.Deploy.0 = Release|Any CPU
		{640523C9-AF69-47C5-BDE5-0BC331675C73}.Release|iPhoneSimulator.ActiveCfg = Release|Any CPU
		{640523C9-AF69-47C5-BDE5-0BC331675C73}.Release|iPhoneSimulator.Build.0 = Release|Any CPU
		{640523C9-AF69-47C5-BDE5-0BC331675C73}.Release|iPhoneSimulator.Deploy.0 = Release|Any CPU
	EndGlobalSection
	GlobalSection(SolutionProperties) = preSolution
		HideSolutionNode = FALSE
	EndGlobalSection
	GlobalSection(ExtensibilityGlobals) = postSolution
		SolutionGuid = {FAEEA033-D46C-43ED-9FD7-D17ECC52074B}
	EndGlobalSection
EndGlobal
